
Microsoft Visual Studio Solution File, Format Version 12.00
# Visual Studio Version 17
VisualStudioVersion = 17.4.33205.214
MinimumVisualStudioVersion = 10.0.40219.1
Project("{FAE04EC0-301F-11D3-BF4B-00C04F79EFBC}") = "Sokoban", "Sokoban\Sokoban.csproj", "{BDCA4BAC-C44E-4F75-ABBF-E7A325510A02}"
EndProject
Global
	GlobalSection(SolutionConfigurationPlatforms) = preSolution
		Debug|Any CPU = Debug|Any CPU
		Release|Any CPU = Release|Any CPU
	EndGlobalSection
	GlobalSection(ProjectConfigurationPlatforms) = postSolution
		{BDCA4BAC-C44E-4F75-ABBF-E7A325510A02}.Debug|Any CPU.ActiveCfg = Debug|Any CPU
		{BDCA4BAC-C44E-4F75-ABBF-E7A325510A02}.Debug|Any CPU.Build.0 = Debug|Any CPU
		{BDCA4BAC-C44E-4F75-ABBF-E7A325510A02}.Release|Any CPU.ActiveCfg = Release|Any CPU
		{BDCA4BAC-C44E-4F75-ABBF-E7A325510A02}.Release|Any CPU.Build.0 = Release|Any CPU
	EndGlobalSection
	GlobalSection(SolutionProperties) = preSolution
		HideSolutionNode = FALSE
	EndGlobalSection
	GlobalSection(ExtensibilityGlobals) = postSolution
		SolutionGuid = {689A5776-EE74-4A6D-9942-E72E39C84C49}
	EndGlobalSection
EndGlobal
